
Microsoft Visual Studio Solution File, Format Version 12.00
# Visual Studio Version 16
VisualStudioVersion = 16.0.29123.89
MinimumVisualStudioVersion = 10.0.40219.1
Project("{FAE04EC0-301F-11D3-BF4B-00C04F79EFBC}") = "WebAPI", "WebAPI\WebAPI.csproj", "{1ABE072E-075E-4FD9-94A6-291F1BD3A131}"
EndProject
Project("{FAE04EC0-301F-11D3-BF4B-00C04F79EFBC}") = "Domain", "Domain\Domain.csproj", "{18B562B1-7575-43BF-9D7C-486D25A056C7}"
EndProject
Global
	GlobalSection(SolutionConfigurationPlatforms) = preSolution
		Debug|Any CPU = Debug|Any CPU
		Release|Any CPU = Release|Any CPU
	EndGlobalSection
	GlobalSection(ProjectConfigurationPlatforms) = postSolution
		{1ABE072E-075E-4FD9-94A6-291F1BD3A131}.Debug|Any CPU.ActiveCfg = Debug|Any CPU
		{1ABE072E-075E-4FD9-94A6-291F1BD3A131}.Debug|Any CPU.Build.0 = Debug|Any CPU
		{1ABE072E-075E-4FD9-94A6-291F1BD3A131}.Release|Any CPU.ActiveCfg = Release|Any CPU
		{1ABE072E-075E-4FD9-94A6-291F1BD3A131}.Release|Any CPU.Build.0 = Release|Any CPU
		{18B562B1-7575-43BF-9D7C-486D25A056C7}.Debug|Any CPU.ActiveCfg = Debug|Any CPU
		{18B562B1-7575-43BF-9D7C-486D25A056C7}.Debug|Any CPU.Build.0 = Debug|Any CPU
		{18B562B1-7575-43BF-9D7C-486D25A056C7}.Release|Any CPU.ActiveCfg = Release|Any CPU
		{18B562B1-7575-43BF-9D7C-486D25A056C7}.Release|Any CPU.Build.0 = Release|Any CPU
	EndGlobalSection
	GlobalSection(SolutionProperties) = preSolution
		HideSolutionNode = FALSE
	EndGlobalSection
	GlobalSection(ExtensibilityGlobals) = postSolution
		SolutionGuid = {3C7E3980-D939-42B4-B45B-B0F952396E40}
	EndGlobalSection
EndGlobal
