
Microsoft Visual Studio Solution File, Format Version 12.00
# Visual Studio Version 16
VisualStudioVersion = 16.0.29123.89
MinimumVisualStudioVersion = 10.0.40219.1
Project("{FAE04EC0-301F-11D3-BF4B-00C04F79EFBC}") = "WebAPI", "WebAPI\WebAPI.csproj", "{1ABE072E-075E-4FD9-94A6-291F1BD3A131}"
EndProject
Project("{FAE04EC0-301F-11D3-BF4B-00C04F79EFBC}") = "Domain", "Domain\Domain.csproj", "{18B562B1-7575-43BF-9D7C-486D25A056C7}"
EndProject
Project("{FAE04EC0-301F-11D3-BF4B-00C04F79EFBC}") = "Command", "Command\Command.csproj", "{F84B9691-0AB0-48F1-A88C-03C097FB991E}"
EndProject
Project("{FAE04EC0-301F-11D3-BF4B-00C04F79EFBC}") = "Logica", "Logica\Logica.csproj", "{DA6B6C91-29BA-43AA-A895-B2EE92440D1C}"
EndProject
Global
	GlobalSection(SolutionConfigurationPlatforms) = preSolution
		Debug|Any CPU = Debug|Any CPU
		Release|Any CPU = Release|Any CPU
	EndGlobalSection
	GlobalSection(ProjectConfigurationPlatforms) = postSolution
		{1ABE072E-075E-4FD9-94A6-291F1BD3A131}.Debug|Any CPU.ActiveCfg = Debug|Any CPU
		{1ABE072E-075E-4FD9-94A6-291F1BD3A131}.Debug|Any CPU.Build.0 = Debug|Any CPU
		{1ABE072E-075E-4FD9-94A6-291F1BD3A131}.Release|Any CPU.ActiveCfg = Release|Any CPU
		{1ABE072E-075E-4FD9-94A6-291F1BD3A131}.Release|Any CPU.Build.0 = Release|Any CPU
		{18B562B1-7575-43BF-9D7C-486D25A056C7}.Debug|Any CPU.ActiveCfg = Debug|Any CPU
		{18B562B1-7575-43BF-9D7C-486D25A056C7}.Debug|Any CPU.Build.0 = Debug|Any CPU
		{18B562B1-7575-43BF-9D7C-486D25A056C7}.Release|Any CPU.ActiveCfg = Release|Any CPU
		{18B562B1-7575-43BF-9D7C-486D25A056C7}.Release|Any CPU.Build.0 = Release|Any CPU
		{F84B9691-0AB0-48F1-A88C-03C097FB991E}.Debug|Any CPU.ActiveCfg = Debug|Any CPU
		{F84B9691-0AB0-48F1-A88C-03C097FB991E}.Debug|Any CPU.Build.0 = Debug|Any CPU
		{F84B9691-0AB0-48F1-A88C-03C097FB991E}.Release|Any CPU.ActiveCfg = Release|Any CPU
		{F84B9691-0AB0-48F1-A88C-03C097FB991E}.Release|Any CPU.Build.0 = Release|Any CPU
		{DA6B6C91-29BA-43AA-A895-B2EE92440D1C}.Debug|Any CPU.ActiveCfg = Debug|Any CPU
		{DA6B6C91-29BA-43AA-A895-B2EE92440D1C}.Debug|Any CPU.Build.0 = Debug|Any CPU
		{DA6B6C91-29BA-43AA-A895-B2EE92440D1C}.Release|Any CPU.ActiveCfg = Release|Any CPU
		{DA6B6C91-29BA-43AA-A895-B2EE92440D1C}.Release|Any CPU.Build.0 = Release|Any CPU
	EndGlobalSection
	GlobalSection(SolutionProperties) = preSolution
		HideSolutionNode = FALSE
	EndGlobalSection
	GlobalSection(ExtensibilityGlobals) = postSolution
		SolutionGuid = {3C7E3980-D939-42B4-B45B-B0F952396E40}
	EndGlobalSection
EndGlobal
